
Microsoft Visual Studio Solution File, Format Version 12.00
# Visual Studio Version 17
VisualStudioVersion = 17.1.32414.318
MinimumVisualStudioVersion = 10.0.40219.1
Project("{FAE04EC0-301F-11D3-BF4B-00C04F79EFBC}") = "ChatApp-Project-View", "ChatApp-Project\ChatApp-Project-View.csproj", "{8375CF4F-C8DF-4842-BFFE-F1862036D815}"
EndProject
Project("{FAE04EC0-301F-11D3-BF4B-00C04F79EFBC}") = "ChatAppDataAccess", "ChatAppDataAccess\ChatAppDataAccess.csproj", "{84512ECC-0990-4AFE-BB42-6EFF2DFB5BF2}"
EndProject
Project("{FAE04EC0-301F-11D3-BF4B-00C04F79EFBC}") = "ChatApp-Model", "ChatApp-Model\ChatApp-Model.csproj", "{DC88F8CD-5CAC-4296-AE68-BBB116DFD193}"
EndProject
Project("{FAE04EC0-301F-11D3-BF4B-00C04F79EFBC}") = "ChatApp_Controller", "ChatApp_Controller\ChatApp_Controller.csproj", "{A16C65AC-0047-4F66-A947-7146D421372A}"
EndProject
Global
	GlobalSection(SolutionConfigurationPlatforms) = preSolution
		Debug|Any CPU = Debug|Any CPU
		Release|Any CPU = Release|Any CPU
	EndGlobalSection
	GlobalSection(ProjectConfigurationPlatforms) = postSolution
		{8375CF4F-C8DF-4842-BFFE-F1862036D815}.Debug|Any CPU.ActiveCfg = Debug|Any CPU
		{8375CF4F-C8DF-4842-BFFE-F1862036D815}.Debug|Any CPU.Build.0 = Debug|Any CPU
		{8375CF4F-C8DF-4842-BFFE-F1862036D815}.Release|Any CPU.ActiveCfg = Release|Any CPU
		{8375CF4F-C8DF-4842-BFFE-F1862036D815}.Release|Any CPU.Build.0 = Release|Any CPU
		{84512ECC-0990-4AFE-BB42-6EFF2DFB5BF2}.Debug|Any CPU.ActiveCfg = Debug|Any CPU
		{84512ECC-0990-4AFE-BB42-6EFF2DFB5BF2}.Debug|Any CPU.Build.0 = Debug|Any CPU
		{84512ECC-0990-4AFE-BB42-6EFF2DFB5BF2}.Release|Any CPU.ActiveCfg = Release|Any CPU
		{84512ECC-0990-4AFE-BB42-6EFF2DFB5BF2}.Release|Any CPU.Build.0 = Release|Any CPU
		{DC88F8CD-5CAC-4296-AE68-BBB116DFD193}.Debug|Any CPU.ActiveCfg = Debug|Any CPU
		{DC88F8CD-5CAC-4296-AE68-BBB116DFD193}.Debug|Any CPU.Build.0 = Debug|Any CPU
		{DC88F8CD-5CAC-4296-AE68-BBB116DFD193}.Release|Any CPU.ActiveCfg = Release|Any CPU
		{DC88F8CD-5CAC-4296-AE68-BBB116DFD193}.Release|Any CPU.Build.0 = Release|Any CPU
		{A16C65AC-0047-4F66-A947-7146D421372A}.Debug|Any CPU.ActiveCfg = Debug|Any CPU
		{A16C65AC-0047-4F66-A947-7146D421372A}.Debug|Any CPU.Build.0 = Debug|Any CPU
		{A16C65AC-0047-4F66-A947-7146D421372A}.Release|Any CPU.ActiveCfg = Release|Any CPU
		{A16C65AC-0047-4F66-A947-7146D421372A}.Release|Any CPU.Build.0 = Release|Any CPU
	EndGlobalSection
	GlobalSection(SolutionProperties) = preSolution
		HideSolutionNode = FALSE
	EndGlobalSection
	GlobalSection(ExtensibilityGlobals) = postSolution
		SolutionGuid = {255064CD-7FDC-4B48-9673-DBBAD23294F8}
	EndGlobalSection
EndGlobal
